
Microsoft Visual Studio Solution File, Format Version 12.00
# Visual Studio Version 17
VisualStudioVersion = 17.6.33815.320
MinimumVisualStudioVersion = 10.0.40219.1
Project("{2150E333-8FDC-42A3-9474-1A3956D46DE8}") = "Engine", "Engine", "{87EB575A-99CD-4C96-BB8E-784F16819BA3}"
EndProject
Project("{2150E333-8FDC-42A3-9474-1A3956D46DE8}") = "Game", "Game", "{87B0C0AF-BA81-41A4-8CF4-9D49EC1D5B1E}"
EndProject
Project("{8BC9CEB8-8B4A-11D0-8D11-00A0C91BC942}") = "Audio", "Source\Engine\Audio\Audio.vcxproj", "{10177C05-52EB-4974-886F-B369FA7DDBD2}"
EndProject
Project("{8BC9CEB8-8B4A-11D0-8D11-00A0C91BC942}") = "Core", "Source\Engine\Core\Core.vcxproj", "{2E09A753-3084-4C98-A6B2-EAB18911A2F7}"
EndProject
Project("{8BC9CEB8-8B4A-11D0-8D11-00A0C91BC942}") = "Framework", "Source\Engine\Framework\Framework.vcxproj", "{7D8E7611-448C-41F6-A405-F8563219544C}"
EndProject
Project("{8BC9CEB8-8B4A-11D0-8D11-00A0C91BC942}") = "Input", "Source\Engine\Input\Input.vcxproj", "{88AFBCDE-1343-4368-AB97-F5290BA6FA98}"
EndProject
Project("{8BC9CEB8-8B4A-11D0-8D11-00A0C91BC942}") = "Renderer", "Source\Engine\Renderer\Renderer.vcxproj", "{27BA62A0-5D3A-46AE-9483-4D5A6A571CC0}"
EndProject
Project("{8BC9CEB8-8B4A-11D0-8D11-00A0C91BC942}") = "Game", "Source\Game\Game\Game.vcxproj", "{263A328F-E0A4-428A-BB57-8EFDE6EE00B0}"
EndProject
Project("{8BC9CEB8-8B4A-11D0-8D11-00A0C91BC942}") = "Physics", "Source\Engine\Physics\Physics.vcxproj", "{6ACB8D27-1D9C-439A-8C82-9490894E6867}"
EndProject
Project("{8BC9CEB8-8B4A-11D0-8D11-00A0C91BC942}") = "PlatformGame", "Source\Game\PlatformGame\PlatformGame.vcxproj", "{1FF21E17-B566-4B6A-8F37-DF86E10ED6AB}"
EndProject
Global
	GlobalSection(SolutionConfigurationPlatforms) = preSolution
		Debug|x64 = Debug|x64
		Debug|x86 = Debug|x86
		Release|x64 = Release|x64
		Release|x86 = Release|x86
	EndGlobalSection
	GlobalSection(ProjectConfigurationPlatforms) = postSolution
		{10177C05-52EB-4974-886F-B369FA7DDBD2}.Debug|x64.ActiveCfg = Debug|x64
		{10177C05-52EB-4974-886F-B369FA7DDBD2}.Debug|x64.Build.0 = Debug|x64
		{10177C05-52EB-4974-886F-B369FA7DDBD2}.Debug|x86.ActiveCfg = Debug|Win32
		{10177C05-52EB-4974-886F-B369FA7DDBD2}.Debug|x86.Build.0 = Debug|Win32
		{10177C05-52EB-4974-886F-B369FA7DDBD2}.Release|x64.ActiveCfg = Release|x64
		{10177C05-52EB-4974-886F-B369FA7DDBD2}.Release|x64.Build.0 = Release|x64
		{10177C05-52EB-4974-886F-B369FA7DDBD2}.Release|x86.ActiveCfg = Release|Win32
		{10177C05-52EB-4974-886F-B369FA7DDBD2}.Release|x86.Build.0 = Release|Win32
		{2E09A753-3084-4C98-A6B2-EAB18911A2F7}.Debug|x64.ActiveCfg = Debug|x64
		{2E09A753-3084-4C98-A6B2-EAB18911A2F7}.Debug|x64.Build.0 = Debug|x64
		{2E09A753-3084-4C98-A6B2-EAB18911A2F7}.Debug|x86.ActiveCfg = Debug|Win32
		{2E09A753-3084-4C98-A6B2-EAB18911A2F7}.Debug|x86.Build.0 = Debug|Win32
		{2E09A753-3084-4C98-A6B2-EAB18911A2F7}.Release|x64.ActiveCfg = Release|x64
		{2E09A753-3084-4C98-A6B2-EAB18911A2F7}.Release|x64.Build.0 = Release|x64
		{2E09A753-3084-4C98-A6B2-EAB18911A2F7}.Release|x86.ActiveCfg = Release|Win32
		{2E09A753-3084-4C98-A6B2-EAB18911A2F7}.Release|x86.Build.0 = Release|Win32
		{7D8E7611-448C-41F6-A405-F8563219544C}.Debug|x64.ActiveCfg = Debug|x64
		{7D8E7611-448C-41F6-A405-F8563219544C}.Debug|x64.Build.0 = Debug|x64
		{7D8E7611-448C-41F6-A405-F8563219544C}.Debug|x86.ActiveCfg = Debug|Win32
		{7D8E7611-448C-41F6-A405-F8563219544C}.Debug|x86.Build.0 = Debug|Win32
		{7D8E7611-448C-41F6-A405-F8563219544C}.Release|x64.ActiveCfg = Release|x64
		{7D8E7611-448C-41F6-A405-F8563219544C}.Release|x64.Build.0 = Release|x64
		{7D8E7611-448C-41F6-A405-F8563219544C}.Release|x86.ActiveCfg = Release|Win32
		{7D8E7611-448C-41F6-A405-F8563219544C}.Release|x86.Build.0 = Release|Win32
		{88AFBCDE-1343-4368-AB97-F5290BA6FA98}.Debug|x64.ActiveCfg = Debug|x64
		{88AFBCDE-1343-4368-AB97-F5290BA6FA98}.Debug|x64.Build.0 = Debug|x64
		{88AFBCDE-1343-4368-AB97-F5290BA6FA98}.Debug|x86.ActiveCfg = Debug|Win32
		{88AFBCDE-1343-4368-AB97-F5290BA6FA98}.Debug|x86.Build.0 = Debug|Win32
		{88AFBCDE-1343-4368-AB97-F5290BA6FA98}.Release|x64.ActiveCfg = Release|x64
		{88AFBCDE-1343-4368-AB97-F5290BA6FA98}.Release|x64.Build.0 = Release|x64
		{88AFBCDE-1343-4368-AB97-F5290BA6FA98}.Release|x86.ActiveCfg = Release|Win32
		{88AFBCDE-1343-4368-AB97-F5290BA6FA98}.Release|x86.Build.0 = Release|Win32
		{27BA62A0-5D3A-46AE-9483-4D5A6A571CC0}.Debug|x64.ActiveCfg = Debug|x64
		{27BA62A0-5D3A-46AE-9483-4D5A6A571CC0}.Debug|x64.Build.0 = Debug|x64
		{27BA62A0-5D3A-46AE-9483-4D5A6A571CC0}.Debug|x86.ActiveCfg = Debug|Win32
		{27BA62A0-5D3A-46AE-9483-4D5A6A571CC0}.Debug|x86.Build.0 = Debug|Win32
		{27BA62A0-5D3A-46AE-9483-4D5A6A571CC0}.Release|x64.ActiveCfg = Release|x64
		{27BA62A0-5D3A-46AE-9483-4D5A6A571CC0}.Release|x64.Build.0 = Release|x64
		{27BA62A0-5D3A-46AE-9483-4D5A6A571CC0}.Release|x86.ActiveCfg = Release|Win32
		{27BA62A0-5D3A-46AE-9483-4D5A6A571CC0}.Release|x86.Build.0 = Release|Win32
		{263A328F-E0A4-428A-BB57-8EFDE6EE00B0}.Debug|x64.ActiveCfg = Debug|x64
		{263A328F-E0A4-428A-BB57-8EFDE6EE00B0}.Debug|x64.Build.0 = Debug|x64
		{263A328F-E0A4-428A-BB57-8EFDE6EE00B0}.Debug|x86.ActiveCfg = Debug|Win32
		{263A328F-E0A4-428A-BB57-8EFDE6EE00B0}.Debug|x86.Build.0 = Debug|Win32
		{263A328F-E0A4-428A-BB57-8EFDE6EE00B0}.Release|x64.ActiveCfg = Release|x64
		{263A328F-E0A4-428A-BB57-8EFDE6EE00B0}.Release|x64.Build.0 = Release|x64
		{263A328F-E0A4-428A-BB57-8EFDE6EE00B0}.Release|x86.ActiveCfg = Release|Win32
		{263A328F-E0A4-428A-BB57-8EFDE6EE00B0}.Release|x86.Build.0 = Release|Win32
		{6ACB8D27-1D9C-439A-8C82-9490894E6867}.Debug|x64.ActiveCfg = Debug|x64
		{6ACB8D27-1D9C-439A-8C82-9490894E6867}.Debug|x64.Build.0 = Debug|x64
		{6ACB8D27-1D9C-439A-8C82-9490894E6867}.Debug|x86.ActiveCfg = Debug|Win32
		{6ACB8D27-1D9C-439A-8C82-9490894E6867}.Debug|x86.Build.0 = Debug|Win32
		{6ACB8D27-1D9C-439A-8C82-9490894E6867}.Release|x64.ActiveCfg = Release|x64
		{6ACB8D27-1D9C-439A-8C82-9490894E6867}.Release|x64.Build.0 = Release|x64
		{6ACB8D27-1D9C-439A-8C82-9490894E6867}.Release|x86.ActiveCfg = Release|Win32
		{6ACB8D27-1D9C-439A-8C82-9490894E6867}.Release|x86.Build.0 = Release|Win32
		{1FF21E17-B566-4B6A-8F37-DF86E10ED6AB}.Debug|x64.ActiveCfg = Debug|x64
		{1FF21E17-B566-4B6A-8F37-DF86E10ED6AB}.Debug|x64.Build.0 = Debug|x64
		{1FF21E17-B566-4B6A-8F37-DF86E10ED6AB}.Debug|x86.ActiveCfg = Debug|Win32
		{1FF21E17-B566-4B6A-8F37-DF86E10ED6AB}.Debug|x86.Build.0 = Debug|Win32
		{1FF21E17-B566-4B6A-8F37-DF86E10ED6AB}.Release|x64.ActiveCfg = Release|x64
		{1FF21E17-B566-4B6A-8F37-DF86E10ED6AB}.Release|x64.Build.0 = Release|x64
		{1FF21E17-B566-4B6A-8F37-DF86E10ED6AB}.Release|x86.ActiveCfg = Release|Win32
		{1FF21E17-B566-4B6A-8F37-DF86E10ED6AB}.Release|x86.Build.0 = Release|Win32
	EndGlobalSection
	GlobalSection(SolutionProperties) = preSolution
		HideSolutionNode = FALSE
	EndGlobalSection
	GlobalSection(NestedProjects) = preSolution
		{10177C05-52EB-4974-886F-B369FA7DDBD2} = {87EB575A-99CD-4C96-BB8E-784F16819BA3}
		{2E09A753-3084-4C98-A6B2-EAB18911A2F7} = {87EB575A-99CD-4C96-BB8E-784F16819BA3}
		{7D8E7611-448C-41F6-A405-F8563219544C} = {87EB575A-99CD-4C96-BB8E-784F16819BA3}
		{88AFBCDE-1343-4368-AB97-F5290BA6FA98} = {87EB575A-99CD-4C96-BB8E-784F16819BA3}
		{27BA62A0-5D3A-46AE-9483-4D5A6A571CC0} = {87EB575A-99CD-4C96-BB8E-784F16819BA3}
		{263A328F-E0A4-428A-BB57-8EFDE6EE00B0} = {87B0C0AF-BA81-41A4-8CF4-9D49EC1D5B1E}
		{6ACB8D27-1D9C-439A-8C82-9490894E6867} = {87EB575A-99CD-4C96-BB8E-784F16819BA3}
		{1FF21E17-B566-4B6A-8F37-DF86E10ED6AB} = {87B0C0AF-BA81-41A4-8CF4-9D49EC1D5B1E}
	EndGlobalSection
	GlobalSection(ExtensibilityGlobals) = postSolution
		SolutionGuid = {FE862964-B117-472A-A01D-107BD36914A6}
	EndGlobalSection
EndGlobal
